
Microsoft Visual Studio Solution File, Format Version 12.00
# Visual Studio Version 16
VisualStudioVersion = 16.0.30204.135
MinimumVisualStudioVersion = 10.0.40219.1
Project("{FAE04EC0-301F-11D3-BF4B-00C04F79EFBC}") = "AnimalPark", "AnimalPark\AnimalPark.csproj", "{C90C3AED-2C2B-44C3-86FB-6C2D6D05CA69}"
EndProject
Global
	GlobalSection(SolutionConfigurationPlatforms) = preSolution
		Debug|Any CPU = Debug|Any CPU
		Release|Any CPU = Release|Any CPU
	EndGlobalSection
	GlobalSection(ProjectConfigurationPlatforms) = postSolution
		{C90C3AED-2C2B-44C3-86FB-6C2D6D05CA69}.Debug|Any CPU.ActiveCfg = Debug|Any CPU
		{C90C3AED-2C2B-44C3-86FB-6C2D6D05CA69}.Debug|Any CPU.Build.0 = Debug|Any CPU
		{C90C3AED-2C2B-44C3-86FB-6C2D6D05CA69}.Release|Any CPU.ActiveCfg = Release|Any CPU
		{C90C3AED-2C2B-44C3-86FB-6C2D6D05CA69}.Release|Any CPU.Build.0 = Release|Any CPU
	EndGlobalSection
	GlobalSection(SolutionProperties) = preSolution
		HideSolutionNode = FALSE
	EndGlobalSection
	GlobalSection(ExtensibilityGlobals) = postSolution
		SolutionGuid = {BD67EBE2-8142-4F1A-B34E-6FF1BFFCB598}
	EndGlobalSection
EndGlobal
